
Microsoft Visual Studio Solution File, Format Version 12.00
# Visual Studio 15
VisualStudioVersion = 15.0.28307.421
MinimumVisualStudioVersion = 10.0.40219.1
Project("{FAE04EC0-301F-11D3-BF4B-00C04F79EFBC}") = "Lab4", "Lab4\Lab4.csproj", "{33C51C3D-5F10-4427-B66F-51B0A2B8AF84}"
EndProject
Global
	GlobalSection(SolutionConfigurationPlatforms) = preSolution
		Debug|Any CPU = Debug|Any CPU
		Release|Any CPU = Release|Any CPU
	EndGlobalSection
	GlobalSection(ProjectConfigurationPlatforms) = postSolution
		{33C51C3D-5F10-4427-B66F-51B0A2B8AF84}.Debug|Any CPU.ActiveCfg = Debug|Any CPU
		{33C51C3D-5F10-4427-B66F-51B0A2B8AF84}.Debug|Any CPU.Build.0 = Debug|Any CPU
		{33C51C3D-5F10-4427-B66F-51B0A2B8AF84}.Release|Any CPU.ActiveCfg = Release|Any CPU
		{33C51C3D-5F10-4427-B66F-51B0A2B8AF84}.Release|Any CPU.Build.0 = Release|Any CPU
	EndGlobalSection
	GlobalSection(SolutionProperties) = preSolution
		HideSolutionNode = FALSE
	EndGlobalSection
	GlobalSection(ExtensibilityGlobals) = postSolution
		SolutionGuid = {B2F5D2F6-AB1B-45B9-BCC3-A4757A4A6596}
	EndGlobalSection
EndGlobal
